
Microsoft Visual Studio Solution File, Format Version 12.00
# Visual Studio Version 16
VisualStudioVersion = 16.0.30104.148
MinimumVisualStudioVersion = 10.0.40219.1
Project("{FAE04EC0-301F-11D3-BF4B-00C04F79EFBC}") = "FileUploader", "FileUploader.csproj", "{66BADF81-0F6E-42B6-9114-B0FE3A334EAE}"
EndProject
Global
	GlobalSection(SolutionConfigurationPlatforms) = preSolution
		Debug|Any CPU = Debug|Any CPU
		Release|Any CPU = Release|Any CPU
	EndGlobalSection
	GlobalSection(ProjectConfigurationPlatforms) = postSolution
		{66BADF81-0F6E-42B6-9114-B0FE3A334EAE}.Debug|Any CPU.ActiveCfg = Debug|Any CPU
		{66BADF81-0F6E-42B6-9114-B0FE3A334EAE}.Debug|Any CPU.Build.0 = Debug|Any CPU
		{66BADF81-0F6E-42B6-9114-B0FE3A334EAE}.Release|Any CPU.ActiveCfg = Release|Any CPU
		{66BADF81-0F6E-42B6-9114-B0FE3A334EAE}.Release|Any CPU.Build.0 = Release|Any CPU
	EndGlobalSection
	GlobalSection(SolutionProperties) = preSolution
		HideSolutionNode = FALSE
	EndGlobalSection
	GlobalSection(ExtensibilityGlobals) = postSolution
		SolutionGuid = {4D3BF28F-3136-457A-B50C-80AC1F79D41D}
	EndGlobalSection
EndGlobal
